
Microsoft Visual Studio Solution File, Format Version 12.00
# Visual Studio Version 17
VisualStudioVersion = 17.7.34202.233
MinimumVisualStudioVersion = 10.0.40219.1
Project("{9A19103F-16F7-4668-BE54-9A1E7A4F7556}") = "PresentationLayer", "PresentationLayer.csproj", "{5E3123FF-82BC-4734-8031-465B0A03D4DF}"
EndProject
Project("{9A19103F-16F7-4668-BE54-9A1E7A4F7556}") = "DataAccessLayer", "C:\Users\HP\source\repos\DataAccesLayer\DataAccessLayer.csproj", "{7350632F-4F3A-4CA5-B117-9EFD279A47CB}"
EndProject
Project("{9A19103F-16F7-4668-BE54-9A1E7A4F7556}") = "BusinessLogicLayer", "C:\Users\HP\source\repos\BusinessLogicLayer\BusinessLogicLayer.csproj", "{6AAD4CE9-4DC6-4697-9CE9-EE603775E4E8}"
EndProject
Project("{2150E333-8FDC-42A3-9474-1A3956D46DE8}") = "Solution Items", "Solution Items", "{C0ED101C-1D4C-4D54-AE3A-5790830A0862}"
	ProjectSection(SolutionItems) = preProject
		.editorconfig = .editorconfig
	EndProjectSection
EndProject
Global
	GlobalSection(SolutionConfigurationPlatforms) = preSolution
		Debug|Any CPU = Debug|Any CPU
		Release|Any CPU = Release|Any CPU
	EndGlobalSection
	GlobalSection(ProjectConfigurationPlatforms) = postSolution
		{5E3123FF-82BC-4734-8031-465B0A03D4DF}.Debug|Any CPU.ActiveCfg = Debug|Any CPU
		{5E3123FF-82BC-4734-8031-465B0A03D4DF}.Debug|Any CPU.Build.0 = Debug|Any CPU
		{5E3123FF-82BC-4734-8031-465B0A03D4DF}.Release|Any CPU.ActiveCfg = Release|Any CPU
		{5E3123FF-82BC-4734-8031-465B0A03D4DF}.Release|Any CPU.Build.0 = Release|Any CPU
		{7350632F-4F3A-4CA5-B117-9EFD279A47CB}.Debug|Any CPU.ActiveCfg = Debug|Any CPU
		{7350632F-4F3A-4CA5-B117-9EFD279A47CB}.Debug|Any CPU.Build.0 = Debug|Any CPU
		{7350632F-4F3A-4CA5-B117-9EFD279A47CB}.Release|Any CPU.ActiveCfg = Release|Any CPU
		{7350632F-4F3A-4CA5-B117-9EFD279A47CB}.Release|Any CPU.Build.0 = Release|Any CPU
		{6AAD4CE9-4DC6-4697-9CE9-EE603775E4E8}.Debug|Any CPU.ActiveCfg = Debug|Any CPU
		{6AAD4CE9-4DC6-4697-9CE9-EE603775E4E8}.Debug|Any CPU.Build.0 = Debug|Any CPU
		{6AAD4CE9-4DC6-4697-9CE9-EE603775E4E8}.Release|Any CPU.ActiveCfg = Release|Any CPU
		{6AAD4CE9-4DC6-4697-9CE9-EE603775E4E8}.Release|Any CPU.Build.0 = Release|Any CPU
	EndGlobalSection
	GlobalSection(SolutionProperties) = preSolution
		HideSolutionNode = FALSE
	EndGlobalSection
	GlobalSection(ExtensibilityGlobals) = postSolution
		SolutionGuid = {C885B4E0-61BF-44FC-B668-88AC75C04C6B}
	EndGlobalSection
EndGlobal
